
Microsoft Visual Studio Solution File, Format Version 12.00
# Visual Studio Version 17
VisualStudioVersion = 17.13.35913.81 d17.13
MinimumVisualStudioVersion = 10.0.40219.1
Project("{FAE04EC0-301F-11D3-BF4B-00C04F79EFBC}") = "6B", "6B.csproj", "{31CA397E-67B2-44B5-B631-724C8A3B7FCB}"
EndProject
Global
	GlobalSection(SolutionConfigurationPlatforms) = preSolution
		Debug|Any CPU = Debug|Any CPU
		Release|Any CPU = Release|Any CPU
	EndGlobalSection
	GlobalSection(ProjectConfigurationPlatforms) = postSolution
		{31CA397E-67B2-44B5-B631-724C8A3B7FCB}.Debug|Any CPU.ActiveCfg = Debug|Any CPU
		{31CA397E-67B2-44B5-B631-724C8A3B7FCB}.Debug|Any CPU.Build.0 = Debug|Any CPU
		{31CA397E-67B2-44B5-B631-724C8A3B7FCB}.Release|Any CPU.ActiveCfg = Release|Any CPU
		{31CA397E-67B2-44B5-B631-724C8A3B7FCB}.Release|Any CPU.Build.0 = Release|Any CPU
	EndGlobalSection
	GlobalSection(SolutionProperties) = preSolution
		HideSolutionNode = FALSE
	EndGlobalSection
	GlobalSection(ExtensibilityGlobals) = postSolution
		SolutionGuid = {B89270FE-B347-4856-B8EA-905B9191D2EC}
	EndGlobalSection
EndGlobal
